
Microsoft Visual Studio Solution File, Format Version 12.00
# Visual Studio Version 16
VisualStudioVersion = 16.0.30114.105
MinimumVisualStudioVersion = 10.0.40219.1
Project("{FAE04EC0-301F-11D3-BF4B-00C04F79EFBC}") = "R5T.Boetia", "R5T.Boetia\R5T.Boetia.csproj", "{3838B3EE-330D-4313-93B8-5BC7F065234C}"
EndProject
Project("{FAE04EC0-301F-11D3-BF4B-00C04F79EFBC}") = "R5T.Boetia.Construction", "R5T.Boetia.Construction\R5T.Boetia.Construction.csproj", "{36B96157-0CA9-4DCD-BBA9-2E59E7593242}"
EndProject
Global
	GlobalSection(SolutionConfigurationPlatforms) = preSolution
		Debug|Any CPU = Debug|Any CPU
		Debug|x64 = Debug|x64
		Debug|x86 = Debug|x86
		Release|Any CPU = Release|Any CPU
		Release|x64 = Release|x64
		Release|x86 = Release|x86
	EndGlobalSection
	GlobalSection(SolutionProperties) = preSolution
		HideSolutionNode = FALSE
	EndGlobalSection
	GlobalSection(ProjectConfigurationPlatforms) = postSolution
		{3838B3EE-330D-4313-93B8-5BC7F065234C}.Debug|Any CPU.ActiveCfg = Debug|Any CPU
		{3838B3EE-330D-4313-93B8-5BC7F065234C}.Debug|Any CPU.Build.0 = Debug|Any CPU
		{3838B3EE-330D-4313-93B8-5BC7F065234C}.Debug|x64.ActiveCfg = Debug|Any CPU
		{3838B3EE-330D-4313-93B8-5BC7F065234C}.Debug|x64.Build.0 = Debug|Any CPU
		{3838B3EE-330D-4313-93B8-5BC7F065234C}.Debug|x86.ActiveCfg = Debug|Any CPU
		{3838B3EE-330D-4313-93B8-5BC7F065234C}.Debug|x86.Build.0 = Debug|Any CPU
		{3838B3EE-330D-4313-93B8-5BC7F065234C}.Release|Any CPU.ActiveCfg = Release|Any CPU
		{3838B3EE-330D-4313-93B8-5BC7F065234C}.Release|Any CPU.Build.0 = Release|Any CPU
		{3838B3EE-330D-4313-93B8-5BC7F065234C}.Release|x64.ActiveCfg = Release|Any CPU
		{3838B3EE-330D-4313-93B8-5BC7F065234C}.Release|x64.Build.0 = Release|Any CPU
		{3838B3EE-330D-4313-93B8-5BC7F065234C}.Release|x86.ActiveCfg = Release|Any CPU
		{3838B3EE-330D-4313-93B8-5BC7F065234C}.Release|x86.Build.0 = Release|Any CPU
		{36B96157-0CA9-4DCD-BBA9-2E59E7593242}.Debug|Any CPU.ActiveCfg = Debug|Any CPU
		{36B96157-0CA9-4DCD-BBA9-2E59E7593242}.Debug|Any CPU.Build.0 = Debug|Any CPU
		{36B96157-0CA9-4DCD-BBA9-2E59E7593242}.Debug|x64.ActiveCfg = Debug|Any CPU
		{36B96157-0CA9-4DCD-BBA9-2E59E7593242}.Debug|x64.Build.0 = Debug|Any CPU
		{36B96157-0CA9-4DCD-BBA9-2E59E7593242}.Debug|x86.ActiveCfg = Debug|Any CPU
		{36B96157-0CA9-4DCD-BBA9-2E59E7593242}.Debug|x86.Build.0 = Debug|Any CPU
		{36B96157-0CA9-4DCD-BBA9-2E59E7593242}.Release|Any CPU.ActiveCfg = Release|Any CPU
		{36B96157-0CA9-4DCD-BBA9-2E59E7593242}.Release|Any CPU.Build.0 = Release|Any CPU
		{36B96157-0CA9-4DCD-BBA9-2E59E7593242}.Release|x64.ActiveCfg = Release|Any CPU
		{36B96157-0CA9-4DCD-BBA9-2E59E7593242}.Release|x64.Build.0 = Release|Any CPU
		{36B96157-0CA9-4DCD-BBA9-2E59E7593242}.Release|x86.ActiveCfg = Release|Any CPU
		{36B96157-0CA9-4DCD-BBA9-2E59E7593242}.Release|x86.Build.0 = Release|Any CPU
	EndGlobalSection
EndGlobal
