
Microsoft Visual Studio Solution File, Format Version 12.00
# Visual Studio 15
VisualStudioVersion = 15.0.26124.0
MinimumVisualStudioVersion = 15.0.26124.0
Project("{FAE04EC0-301F-11D3-BF4B-00C04F79EFBC}") = "R5T.Boetia.Construction", "R5T.Boetia.Construction\R5T.Boetia.Construction.csproj", "{179C1E59-FBCD-4D2D-BF46-9542B8219302}"
EndProject
Project("{FAE04EC0-301F-11D3-BF4B-00C04F79EFBC}") = "R5T.Boetia", "R5T.Boetia\R5T.Boetia.csproj", "{7897E81A-C1D9-478C-85D8-5DC6CB64A3DD}"
EndProject
Global
	GlobalSection(SolutionConfigurationPlatforms) = preSolution
		Debug|Any CPU = Debug|Any CPU
		Debug|x64 = Debug|x64
		Debug|x86 = Debug|x86
		Release|Any CPU = Release|Any CPU
		Release|x64 = Release|x64
		Release|x86 = Release|x86
	EndGlobalSection
	GlobalSection(SolutionProperties) = preSolution
		HideSolutionNode = FALSE
	EndGlobalSection
	GlobalSection(ProjectConfigurationPlatforms) = postSolution
		{179C1E59-FBCD-4D2D-BF46-9542B8219302}.Debug|Any CPU.ActiveCfg = Debug|Any CPU
		{179C1E59-FBCD-4D2D-BF46-9542B8219302}.Debug|Any CPU.Build.0 = Debug|Any CPU
		{179C1E59-FBCD-4D2D-BF46-9542B8219302}.Debug|x64.ActiveCfg = Debug|Any CPU
		{179C1E59-FBCD-4D2D-BF46-9542B8219302}.Debug|x64.Build.0 = Debug|Any CPU
		{179C1E59-FBCD-4D2D-BF46-9542B8219302}.Debug|x86.ActiveCfg = Debug|Any CPU
		{179C1E59-FBCD-4D2D-BF46-9542B8219302}.Debug|x86.Build.0 = Debug|Any CPU
		{179C1E59-FBCD-4D2D-BF46-9542B8219302}.Release|Any CPU.ActiveCfg = Release|Any CPU
		{179C1E59-FBCD-4D2D-BF46-9542B8219302}.Release|Any CPU.Build.0 = Release|Any CPU
		{179C1E59-FBCD-4D2D-BF46-9542B8219302}.Release|x64.ActiveCfg = Release|Any CPU
		{179C1E59-FBCD-4D2D-BF46-9542B8219302}.Release|x64.Build.0 = Release|Any CPU
		{179C1E59-FBCD-4D2D-BF46-9542B8219302}.Release|x86.ActiveCfg = Release|Any CPU
		{179C1E59-FBCD-4D2D-BF46-9542B8219302}.Release|x86.Build.0 = Release|Any CPU
		{7897E81A-C1D9-478C-85D8-5DC6CB64A3DD}.Debug|Any CPU.ActiveCfg = Debug|Any CPU
		{7897E81A-C1D9-478C-85D8-5DC6CB64A3DD}.Debug|Any CPU.Build.0 = Debug|Any CPU
		{7897E81A-C1D9-478C-85D8-5DC6CB64A3DD}.Debug|x64.ActiveCfg = Debug|Any CPU
		{7897E81A-C1D9-478C-85D8-5DC6CB64A3DD}.Debug|x64.Build.0 = Debug|Any CPU
		{7897E81A-C1D9-478C-85D8-5DC6CB64A3DD}.Debug|x86.ActiveCfg = Debug|Any CPU
		{7897E81A-C1D9-478C-85D8-5DC6CB64A3DD}.Debug|x86.Build.0 = Debug|Any CPU
		{7897E81A-C1D9-478C-85D8-5DC6CB64A3DD}.Release|Any CPU.ActiveCfg = Release|Any CPU
		{7897E81A-C1D9-478C-85D8-5DC6CB64A3DD}.Release|Any CPU.Build.0 = Release|Any CPU
		{7897E81A-C1D9-478C-85D8-5DC6CB64A3DD}.Release|x64.ActiveCfg = Release|Any CPU
		{7897E81A-C1D9-478C-85D8-5DC6CB64A3DD}.Release|x64.Build.0 = Release|Any CPU
		{7897E81A-C1D9-478C-85D8-5DC6CB64A3DD}.Release|x86.ActiveCfg = Release|Any CPU
		{7897E81A-C1D9-478C-85D8-5DC6CB64A3DD}.Release|x86.Build.0 = Release|Any CPU
	EndGlobalSection
EndGlobal
